// !$*UTF8*$!
{
	archiveVersion = 1;
	classes = {
	};
	objectVersion = 77;
	objects = {

/* Begin PBXBuildFile section */
		783C29692E50806700CA122C /* LaunchScreen.storyboard in Resources */ = {isa = PBXBuildFile; fileRef = 783C29632E50806700CA122C /* LaunchScreen.storyboard */; };
		783C296A2E50806700CA122C /* Main.storyboard in Resources */ = {isa = PBXBuildFile; fileRef = 783C29652E50806700CA122C /* Main.storyboard */; };
		783C296B2E50806700CA122C /* Assets.xcassets in Resources */ = {isa = PBXBuildFile; fileRef = 783C295F2E50806700CA122C /* Assets.xcassets */; };
		783C296C2E50806700CA122C /* before_mov.mp4 in Resources */ = {isa = PBXBuildFile; fileRef = 783C29602E50806700CA122C /* before_mov.mp4 */; };
		783C296E2E50806700CA122C /* after_mov.mp4 in Resources */ = {isa = PBXBuildFile; fileRef = 783C295D2E50806700CA122C /* after_mov.mp4 */; };
		783C296F2E50806700CA122C /* AppDelegate.swift in Sources */ = {isa = PBXBuildFile; fileRef = 783C295E2E50806700CA122C /* AppDelegate.swift */; };
		783C29702E50806700CA122C /* SceneDelegate.swift in Sources */ = {isa = PBXBuildFile; fileRef = 783C29662E50806700CA122C /* SceneDelegate.swift */; };
		783C29712E50806700CA122C /* EffectPreviewView.swift in Sources */ = {isa = PBXBuildFile; fileRef = 783C295B2E50806700CA122C /* EffectPreviewView.swift */; };
		783C29722E50806700CA122C /* ViewController.swift in Sources */ = {isa = PBXBuildFile; fileRef = 783C29672E50806700CA122C /* ViewController.swift */; };
		783C29732E50806700CA122C /* EffectPreviewView in Sources */ = {isa = PBXBuildFile; fileRef = 783C295C2E50806700CA122C /* EffectPreviewView */; };
		783C29752E50886B00CA122C /* SnapKit in Frameworks */ = {isa = PBXBuildFile; productRef = 783C29742E50886B00CA122C /* SnapKit */; };
		783C29772E50C92600CA122C /* DefaultSliderView.swift in Sources */ = {isa = PBXBuildFile; fileRef = 783C29762E50C92600CA122C /* DefaultSliderView.swift */; };
		783C29782E50C92600CA122C /* SimpleSliderView.swift in Sources */ = {isa = PBXBuildFile; fileRef = 783C29792E50C92600CA122C /* SimpleSliderView.swift */; };
/* End PBXBuildFile section */

/* Begin PBXFileReference section */
		780DBED62DDE05E5003E63B4 /* EffectPreviewView.app */ = {isa = PBXFileReference; explicitFileType = wrapper.application; includeInIndex = 0; path = EffectPreviewView.app; sourceTree = BUILT_PRODUCTS_DIR; };
		783C295B2E50806700CA122C /* EffectPreviewView.swift */ = {isa = PBXFileReference; lastKnownFileType = sourcecode.swift; path = EffectPreviewView.swift; sourceTree = "<group>"; };
		783C295D2E50806700CA122C /* after_mov.mp4 */ = {isa = PBXFileReference; lastKnownFileType = file; path = after_mov.mp4; sourceTree = "<group>"; };
		783C295E2E50806700CA122C /* AppDelegate.swift */ = {isa = PBXFileReference; lastKnownFileType = sourcecode.swift; path = AppDelegate.swift; sourceTree = "<group>"; };
		783C295F2E50806700CA122C /* Assets.xcassets */ = {isa = PBXFileReference; lastKnownFileType = folder.assetcatalog; path = Assets.xcassets; sourceTree = "<group>"; };
		783C29602E50806700CA122C /* before_mov.mp4 */ = {isa = PBXFileReference; lastKnownFileType = file; path = before_mov.mp4; sourceTree = "<group>"; };
		783C29612E50806700CA122C /* Info.plist */ = {isa = PBXFileReference; lastKnownFileType = text.plist.xml; path = Info.plist; sourceTree = "<group>"; };
		783C29622E50806700CA122C /* Base */ = {isa = PBXFileReference; lastKnownFileType = file.storyboard; name = Base; path = Base.lproj/LaunchScreen.storyboard; sourceTree = "<group>"; };
		783C29642E50806700CA122C /* Base */ = {isa = PBXFileReference; lastKnownFileType = file.storyboard; name = Base; path = Base.lproj/Main.storyboard; sourceTree = "<group>"; };
		783C29662E50806700CA122C /* SceneDelegate.swift */ = {isa = PBXFileReference; lastKnownFileType = sourcecode.swift; path = SceneDelegate.swift; sourceTree = "<group>"; };
		783C29672E50806700CA122C /* ViewController.swift */ = {isa = PBXFileReference; lastKnownFileType = sourcecode.swift; path = ViewController.swift; sourceTree = "<group>"; };
		783C29762E50C92600CA122C /* DefaultSliderView.swift */ = {isa = PBXFileReference; lastKnownFileType = sourcecode.swift; path = DefaultSliderView.swift; sourceTree = "<group>"; };
		783C29792E50C92600CA122C /* SimpleSliderView.swift */ = {isa = PBXFileReference; lastKnownFileType = sourcecode.swift; path = SimpleSliderView.swift; sourceTree = "<group>"; };
/* End PBXFileReference section */

/* Begin PBXFrameworksBuildPhase section */
		780DBED32DDE05E5003E63B4 /* Frameworks */ = {
			isa = PBXFrameworksBuildPhase;
			buildActionMask = 2147483647;
			files = (
				783C29752E50886B00CA122C /* SnapKit in Frameworks */,
			);
			runOnlyForDeploymentPostprocessing = 0;
		};
/* End PBXFrameworksBuildPhase section */

/* Begin PBXGroup section */
		780DBECD2DDE05E5003E63B4 = {
			isa = PBXGroup;
			children = (
				783C29682E50806700CA122C /* EffectPreviewV */,
				780DBED72DDE05E5003E63B4 /* Products */,
			);
			sourceTree = "<group>";
		};
		780DBED72DDE05E5003E63B4 /* Products */ = {
			isa = PBXGroup;
			children = (
				780DBED62DDE05E5003E63B4 /* EffectPreviewView.app */,
			);
			name = Products;
			sourceTree = "<group>";
		};
		783C295C2E50806700CA122C /* EffectPreviewView */ = {
			isa = PBXGroup;
			children = (
				783C29762E50C92600CA122C /* DefaultSliderView.swift */,
				783C295B2E50806700CA122C /* EffectPreviewView.swift */,
			);
			path = EffectPreviewView;
			sourceTree = "<group>";
		};
		783C29682E50806700CA122C /* EffectPreviewV */ = {
			isa = PBXGroup;
			children = (
				783C29782E50CB9C00CA122C /* Demo */,
				783C295C2E50806700CA122C /* EffectPreviewView */,
				783C295D2E50806700CA122C /* after_mov.mp4 */,
				783C295E2E50806700CA122C /* AppDelegate.swift */,
				783C295F2E50806700CA122C /* Assets.xcassets */,
				783C29602E50806700CA122C /* before_mov.mp4 */,
				783C29612E50806700CA122C /* Info.plist */,
				783C29632E50806700CA122C /* LaunchScreen.storyboard */,
				783C29652E50806700CA122C /* Main.storyboard */,
				783C29662E50806700CA122C /* SceneDelegate.swift */,
			);
			path = EffectPreviewV;
			sourceTree = "<group>";
		};
		783C29782E50CB9C00CA122C /* Demo */ = {
			isa = PBXGroup;
			children = (
				783C29672E50806700CA122C /* ViewController.swift */,
				783C29792E50C92600CA122C /* SimpleSliderView.swift */,
			);
			path = Demo;
			sourceTree = "<group>";
		};
/* End PBXGroup section */

/* Begin PBXNativeTarget section */
		780DBED52DDE05E5003E63B4 /* EffectPreviewView */ = {
			isa = PBXNativeTarget;
			buildConfigurationList = 780DBEE92DDE05E6003E63B4 /* Build configuration list for PBXNativeTarget "EffectPreviewView" */;
			buildPhases = (
				780DBED22DDE05E5003E63B4 /* Sources */,
				780DBED32DDE05E5003E63B4 /* Frameworks */,
				780DBED42DDE05E5003E63B4 /* Resources */,
			);
			buildRules = (
			);
			dependencies = (
			);
			name = EffectPreviewView;
			packageProductDependencies = (
				783C29742E50886B00CA122C /* SnapKit */,
			);
			productName = EffectPreviewView;
			productReference = 780DBED62DDE05E5003E63B4 /* EffectPreviewView.app */;
			productType = "com.apple.product-type.application";
		};
/* End PBXNativeTarget section */

/* Begin PBXProject section */
		780DBECE2DDE05E5003E63B4 /* Project object */ = {
			isa = PBXProject;
			attributes = {
				BuildIndependentTargetsInParallel = 1;
				LastSwiftUpdateCheck = 1630;
				LastUpgradeCheck = 1630;
				TargetAttributes = {
					780DBED52DDE05E5003E63B4 = {
						CreatedOnToolsVersion = 16.3;
					};
				};
			};
			buildConfigurationList = 780DBED12DDE05E5003E63B4 /* Build configuration list for PBXProject "EffectPreviewView" */;
			developmentRegion = en;
			hasScannedForEncodings = 0;
			knownRegions = (
				en,
				Base,
			);
			mainGroup = 780DBECD2DDE05E5003E63B4;
			minimizedProjectReferenceProxies = 1;
			packageReferences = (
				783C29732E50886B00CA122C /* XCRemoteSwiftPackageReference "SnapKit" */,
			);
			preferredProjectObjectVersion = 77;
			productRefGroup = 780DBED72DDE05E5003E63B4 /* Products */;
			projectDirPath = "";
			projectRoot = "";
			targets = (
				780DBED52DDE05E5003E63B4 /* EffectPreviewView */,
			);
		};
/* End PBXProject section */

/* Begin PBXResourcesBuildPhase section */
		780DBED42DDE05E5003E63B4 /* Resources */ = {
			isa = PBXResourcesBuildPhase;
			buildActionMask = 2147483647;
			files = (
				783C29692E50806700CA122C /* LaunchScreen.storyboard in Resources */,
				783C296A2E50806700CA122C /* Main.storyboard in Resources */,
				783C296B2E50806700CA122C /* Assets.xcassets in Resources */,
				783C296C2E50806700CA122C /* before_mov.mp4 in Resources */,
				783C296E2E50806700CA122C /* after_mov.mp4 in Resources */,
			);
			runOnlyForDeploymentPostprocessing = 0;
		};
/* End PBXResourcesBuildPhase section */

/* Begin PBXSourcesBuildPhase section */
		780DBED22DDE05E5003E63B4 /* Sources */ = {
			isa = PBXSourcesBuildPhase;
			buildActionMask = 2147483647;
			files = (
				783C296F2E50806700CA122C /* AppDelegate.swift in Sources */,
				783C29702E50806700CA122C /* SceneDelegate.swift in Sources */,
				783C29712E50806700CA122C /* EffectPreviewView.swift in Sources */,
				783C29772E50C92600CA122C /* DefaultSliderView.swift in Sources */,
				783C29782E50C92600CA122C /* SimpleSliderView.swift in Sources */,
				783C29732E50806700CA122C /* EffectPreviewView in Sources */,
				783C29722E50806700CA122C /* ViewController.swift in Sources */,
			);
			runOnlyForDeploymentPostprocessing = 0;
		};
/* End PBXSourcesBuildPhase section */

/* Begin PBXVariantGroup section */
		783C29632E50806700CA122C /* LaunchScreen.storyboard */ = {
			isa = PBXVariantGroup;
			children = (
				783C29622E50806700CA122C /* Base */,
			);
			name = LaunchScreen.storyboard;
			sourceTree = "<group>";
		};
		783C29652E50806700CA122C /* Main.storyboard */ = {
			isa = PBXVariantGroup;
			children = (
				783C29642E50806700CA122C /* Base */,
			);
			name = Main.storyboard;
			sourceTree = "<group>";
		};
/* End PBXVariantGroup section */

/* Begin XCBuildConfiguration section */
		780DBEEA2DDE05E6003E63B4 /* Debug */ = {
			isa = XCBuildConfiguration;
			buildSettings = {
				ASSETCATALOG_COMPILER_APPICON_NAME = AppIcon;
				ASSETCATALOG_COMPILER_GLOBAL_ACCENT_COLOR_NAME = AccentColor;
				CODE_SIGN_STYLE = Automatic;
				CURRENT_PROJECT_VERSION = 1;
				GENERATE_INFOPLIST_FILE = YES;
				INFOPLIST_FILE = EffectPreviewV/Info.plist;
				INFOPLIST_KEY_UIApplicationSupportsIndirectInputEvents = YES;
				INFOPLIST_KEY_UILaunchStoryboardName = LaunchScreen;
				INFOPLIST_KEY_UIMainStoryboardFile = Main;
				INFOPLIST_KEY_UISupportedInterfaceOrientations_iPad = "UIInterfaceOrientationPortrait UIInterfaceOrientationPortraitUpsideDown UIInterfaceOrientationLandscapeLeft UIInterfaceOrientationLandscapeRight";
				INFOPLIST_KEY_UISupportedInterfaceOrientations_iPhone = "UIInterfaceOrientationPortrait UIInterfaceOrientationLandscapeLeft UIInterfaceOrientationLandscapeRight";
				LD_RUNPATH_SEARCH_PATHS = (
					"$(inherited)",
					"@executable_path/Frameworks",
				);
				MARKETING_VERSION = 1.0;
				PRODUCT_BUNDLE_IDENTIFIER = dzw.EffectPreviewView;
				PRODUCT_NAME = "$(TARGET_NAME)";
				SWIFT_EMIT_LOC_STRINGS = YES;
				SWIFT_VERSION = 5.0;
				TARGETED_DEVICE_FAMILY = "1,2";
			};
			name = Debug;
		};
		780DBEEB2DDE05E6003E63B4 /* Release */ = {
			isa = XCBuildConfiguration;
			buildSettings = {
				ASSETCATALOG_COMPILER_APPICON_NAME = AppIcon;
				ASSETCATALOG_COMPILER_GLOBAL_ACCENT_COLOR_NAME = AccentColor;
				CODE_SIGN_STYLE = Automatic;
				CURRENT_PROJECT_VERSION = 1;
				GENERATE_INFOPLIST_FILE = YES;
				INFOPLIST_FILE = EffectPreviewV/Info.plist;
				INFOPLIST_KEY_UIApplicationSupportsIndirectInputEvents = YES;
				INFOPLIST_KEY_UILaunchStoryboardName = LaunchScreen;
				INFOPLIST_KEY_UIMainStoryboardFile = Main;
				INFOPLIST_KEY_UISupportedInterfaceOrientations_iPad = "UIInterfaceOrientationPortrait UIInterfaceOrientationPortraitUpsideDown UIInterfaceOrientationLandscapeLeft UIInterfaceOrientationLandscapeRight";
				INFOPLIST_KEY_UISupportedInterfaceOrientations_iPhone = "UIInterfaceOrientationPortrait UIInterfaceOrientationLandscapeLeft UIInterfaceOrientationLandscapeRight";
				LD_RUNPATH_SEARCH_PATHS = (
					"$(inherited)",
					"@executable_path/Frameworks",
				);
				MARKETING_VERSION = 1.0;
				PRODUCT_BUNDLE_IDENTIFIER = dzw.EffectPreviewView;
				PRODUCT_NAME = "$(TARGET_NAME)";
				SWIFT_EMIT_LOC_STRINGS = YES;
				SWIFT_VERSION = 5.0;
				TARGETED_DEVICE_FAMILY = "1,2";
			};
			name = Release;
		};
		780DBEEC2DDE05E6003E63B4 /* Debug */ = {
			isa = XCBuildConfiguration;
			buildSettings = {
				ALWAYS_SEARCH_USER_PATHS = NO;
				ASSETCATALOG_COMPILER_GENERATE_SWIFT_ASSET_SYMBOL_EXTENSIONS = YES;
				CLANG_ANALYZER_NONNULL = YES;
				CLANG_ANALYZER_NUMBER_OBJECT_CONVERSION = YES_AGGRESSIVE;
				CLANG_CXX_LANGUAGE_STANDARD = "gnu++20";
				CLANG_ENABLE_MODULES = YES;
				CLANG_ENABLE_OBJC_ARC = YES;
				CLANG_ENABLE_OBJC_WEAK = YES;
				CLANG_WARN_BLOCK_CAPTURE_AUTORELEASING = YES;
				CLANG_WARN_BOOL_CONVERSION = YES;
				CLANG_WARN_COMMA = YES;
				CLANG_WARN_CONSTANT_CONVERSION = YES;
				CLANG_WARN_DEPRECATED_OBJC_IMPLEMENTATIONS = YES;
				CLANG_WARN_DIRECT_OBJC_ISA_USAGE = YES_ERROR;
				CLANG_WARN_DOCUMENTATION_COMMENTS = YES;
				CLANG_WARN_EMPTY_BODY = YES;
				CLANG_WARN_ENUM_CONVERSION = YES;
				CLANG_WARN_INFINITE_RECURSION = YES;
				CLANG_WARN_INT_CONVERSION = YES;
				CLANG_WARN_NON_LITERAL_NULL_CONVERSION = YES;
				CLANG_WARN_OBJC_IMPLICIT_RETAIN_SELF = YES;
				CLANG_WARN_OBJC_LITERAL_CONVERSION = YES;
				CLANG_WARN_OBJC_ROOT_CLASS = YES_ERROR;
				CLANG_WARN_QUOTED_INCLUDE_IN_FRAMEWORK_HEADER = YES;
				CLANG_WARN_RANGE_LOOP_ANALYSIS = YES;
				CLANG_WARN_STRICT_PROTOTYPES = YES;
				CLANG_WARN_SUSPICIOUS_MOVE = YES;
				CLANG_WARN_UNGUARDED_AVAILABILITY = YES_AGGRESSIVE;
				CLANG_WARN_UNREACHABLE_CODE = YES;
				CLANG_WARN__DUPLICATE_METHOD_MATCH = YES;
				COPY_PHASE_STRIP = NO;
				DEBUG_INFORMATION_FORMAT = dwarf;
				ENABLE_STRICT_OBJC_MSGSEND = YES;
				ENABLE_TESTABILITY = YES;
				ENABLE_USER_SCRIPT_SANDBOXING = YES;
				GCC_C_LANGUAGE_STANDARD = gnu17;
				GCC_DYNAMIC_NO_PIC = NO;
				GCC_NO_COMMON_BLOCKS = YES;
				GCC_OPTIMIZATION_LEVEL = 0;
				GCC_PREPROCESSOR_DEFINITIONS = (
					"DEBUG=1",
					"$(inherited)",
				);
				GCC_WARN_64_TO_32_BIT_CONVERSION = YES;
				GCC_WARN_ABOUT_RETURN_TYPE = YES_ERROR;
				GCC_WARN_UNDECLARED_SELECTOR = YES;
				GCC_WARN_UNINITIALIZED_AUTOS = YES_AGGRESSIVE;
				GCC_WARN_UNUSED_FUNCTION = YES;
				GCC_WARN_UNUSED_VARIABLE = YES;
				IPHONEOS_DEPLOYMENT_TARGET = 18.4;
				LOCALIZATION_PREFERS_STRING_CATALOGS = YES;
				MTL_ENABLE_DEBUG_INFO = INCLUDE_SOURCE;
				MTL_FAST_MATH = YES;
				ONLY_ACTIVE_ARCH = YES;
				SDKROOT = iphoneos;
				SWIFT_ACTIVE_COMPILATION_CONDITIONS = "DEBUG $(inherited)";
				SWIFT_OPTIMIZATION_LEVEL = "-Onone";
			};
			name = Debug;
		};
		780DBEED2DDE05E6003E63B4 /* Release */ = {
			isa = XCBuildConfiguration;
			buildSettings = {
				ALWAYS_SEARCH_USER_PATHS = NO;
				ASSETCATALOG_COMPILER_GENERATE_SWIFT_ASSET_SYMBOL_EXTENSIONS = YES;
				CLANG_ANALYZER_NONNULL = YES;
				CLANG_ANALYZER_NUMBER_OBJECT_CONVERSION = YES_AGGRESSIVE;
				CLANG_CXX_LANGUAGE_STANDARD = "gnu++20";
				CLANG_ENABLE_MODULES = YES;
				CLANG_ENABLE_OBJC_ARC = YES;
				CLANG_ENABLE_OBJC_WEAK = YES;
				CLANG_WARN_BLOCK_CAPTURE_AUTORELEASING = YES;
				CLANG_WARN_BOOL_CONVERSION = YES;
				CLANG_WARN_COMMA = YES;
				CLANG_WARN_CONSTANT_CONVERSION = YES;
				CLANG_WARN_DEPRECATED_OBJC_IMPLEMENTATIONS = YES;
				CLANG_WARN_DIRECT_OBJC_ISA_USAGE = YES_ERROR;
				CLANG_WARN_DOCUMENTATION_COMMENTS = YES;
				CLANG_WARN_EMPTY_BODY = YES;
				CLANG_WARN_ENUM_CONVERSION = YES;
				CLANG_WARN_INFINITE_RECURSION = YES;
				CLANG_WARN_INT_CONVERSION = YES;
				CLANG_WARN_NON_LITERAL_NULL_CONVERSION = YES;
				CLANG_WARN_OBJC_IMPLICIT_RETAIN_SELF = YES;
				CLANG_WARN_OBJC_LITERAL_CONVERSION = YES;
				CLANG_WARN_OBJC_ROOT_CLASS = YES_ERROR;
				CLANG_WARN_QUOTED_INCLUDE_IN_FRAMEWORK_HEADER = YES;
				CLANG_WARN_RANGE_LOOP_ANALYSIS = YES;
				CLANG_WARN_STRICT_PROTOTYPES = YES;
				CLANG_WARN_SUSPICIOUS_MOVE = YES;
				CLANG_WARN_UNGUARDED_AVAILABILITY = YES_AGGRESSIVE;
				CLANG_WARN_UNREACHABLE_CODE = YES;
				CLANG_WARN__DUPLICATE_METHOD_MATCH = YES;
				COPY_PHASE_STRIP = NO;
				DEBUG_INFORMATION_FORMAT = "dwarf-with-dsym";
				ENABLE_NS_ASSERTIONS = NO;
				ENABLE_STRICT_OBJC_MSGSEND = YES;
				ENABLE_USER_SCRIPT_SANDBOXING = YES;
				GCC_C_LANGUAGE_STANDARD = gnu17;
				GCC_NO_COMMON_BLOCKS = YES;
				GCC_WARN_64_TO_32_BIT_CONVERSION = YES;
				GCC_WARN_ABOUT_RETURN_TYPE = YES_ERROR;
				GCC_WARN_UNDECLARED_SELECTOR = YES;
				GCC_WARN_UNINITIALIZED_AUTOS = YES_AGGRESSIVE;
				GCC_WARN_UNUSED_FUNCTION = YES;
				GCC_WARN_UNUSED_VARIABLE = YES;
				IPHONEOS_DEPLOYMENT_TARGET = 18.4;
				LOCALIZATION_PREFERS_STRING_CATALOGS = YES;
				MTL_ENABLE_DEBUG_INFO = NO;
				MTL_FAST_MATH = YES;
				SDKROOT = iphoneos;
				SWIFT_COMPILATION_MODE = wholemodule;
				VALIDATE_PRODUCT = YES;
			};
			name = Release;
		};
/* End XCBuildConfiguration section */

/* Begin XCConfigurationList section */
		780DBED12DDE05E5003E63B4 /* Build configuration list for PBXProject "EffectPreviewView" */ = {
			isa = XCConfigurationList;
			buildConfigurations = (
				780DBEEC2DDE05E6003E63B4 /* Debug */,
				780DBEED2DDE05E6003E63B4 /* Release */,
			);
			defaultConfigurationIsVisible = 0;
			defaultConfigurationName = Release;
		};
		780DBEE92DDE05E6003E63B4 /* Build configuration list for PBXNativeTarget "EffectPreviewView" */ = {
			isa = XCConfigurationList;
			buildConfigurations = (
				780DBEEA2DDE05E6003E63B4 /* Debug */,
				780DBEEB2DDE05E6003E63B4 /* Release */,
			);
			defaultConfigurationIsVisible = 0;
			defaultConfigurationName = Release;
		};
/* End XCConfigurationList section */

/* Begin XCRemoteSwiftPackageReference section */
		783C29732E50886B00CA122C /* XCRemoteSwiftPackageReference "SnapKit" */ = {
			isa = XCRemoteSwiftPackageReference;
			repositoryURL = "https://github.com/SnapKit/SnapKit.git";
			requirement = {
				kind = upToNextMajorVersion;
				minimumVersion = 5.7.1;
			};
		};
/* End XCRemoteSwiftPackageReference section */

/* Begin XCSwiftPackageProductDependency section */
		783C29742E50886B00CA122C /* SnapKit */ = {
			isa = XCSwiftPackageProductDependency;
			package = 783C29732E50886B00CA122C /* XCRemoteSwiftPackageReference "SnapKit" */;
			productName = SnapKit;
		};
/* End XCSwiftPackageProductDependency section */
	};
	rootObject = 780DBECE2DDE05E5003E63B4 /* Project object */;
}
